
Microsoft Visual Studio Solution File, Format Version 12.00
# Visual Studio Version 16
VisualStudioVersion = 16.0.29509.3
MinimumVisualStudioVersion = 10.0.40219.1
Project("{FAE04EC0-301F-11D3-BF4B-00C04F79EFBC}") = "FiteEngine", "FiteEngine\FiteEngine.csproj", "{55F45B7A-2828-4815-864B-177F74F1D309}"
EndProject
Project("{FAE04EC0-301F-11D3-BF4B-00C04F79EFBC}") = "FiteBot", "FiteBot\FiteBot.csproj", "{1C1A636E-E6CF-4085-99B5-85520A846E03}"
EndProject
Global
	GlobalSection(SolutionConfigurationPlatforms) = preSolution
		Debug|Any CPU = Debug|Any CPU
		Release|Any CPU = Release|Any CPU
	EndGlobalSection
	GlobalSection(ProjectConfigurationPlatforms) = postSolution
		{55F45B7A-2828-4815-864B-177F74F1D309}.Debug|Any CPU.ActiveCfg = Debug|Any CPU
		{55F45B7A-2828-4815-864B-177F74F1D309}.Debug|Any CPU.Build.0 = Debug|Any CPU
		{55F45B7A-2828-4815-864B-177F74F1D309}.Release|Any CPU.ActiveCfg = Release|Any CPU
		{55F45B7A-2828-4815-864B-177F74F1D309}.Release|Any CPU.Build.0 = Release|Any CPU
		{1C1A636E-E6CF-4085-99B5-85520A846E03}.Debug|Any CPU.ActiveCfg = Debug|Any CPU
		{1C1A636E-E6CF-4085-99B5-85520A846E03}.Debug|Any CPU.Build.0 = Debug|Any CPU
		{1C1A636E-E6CF-4085-99B5-85520A846E03}.Release|Any CPU.ActiveCfg = Release|Any CPU
		{1C1A636E-E6CF-4085-99B5-85520A846E03}.Release|Any CPU.Build.0 = Release|Any CPU
	EndGlobalSection
	GlobalSection(SolutionProperties) = preSolution
		HideSolutionNode = FALSE
	EndGlobalSection
	GlobalSection(ExtensibilityGlobals) = postSolution
		SolutionGuid = {8B673744-5D91-464A-ACB5-5DB1BE2F906D}
	EndGlobalSection
EndGlobal
